
Microsoft Visual Studio Solution File, Format Version 12.00
# Visual Studio Version 17
VisualStudioVersion = 17.11.35303.130
MinimumVisualStudioVersion = 10.0.40219.1
Project("{FAE04EC0-301F-11D3-BF4B-00C04F79EFBC}") = "QASite.Web", "QASite.Web\QASite.Web.csproj", "{1C048EFE-477B-4D60-8F9A-C3F1C0BF67C2}"
EndProject
Project("{FAE04EC0-301F-11D3-BF4B-00C04F79EFBC}") = "QASite.Data", "QASite.Data\QASite.Data.csproj", "{C1676833-6FD4-4516-891B-FC1431AA54A9}"
EndProject
Global
	GlobalSection(SolutionConfigurationPlatforms) = preSolution
		Debug|Any CPU = Debug|Any CPU
		Release|Any CPU = Release|Any CPU
	EndGlobalSection
	GlobalSection(ProjectConfigurationPlatforms) = postSolution
		{1C048EFE-477B-4D60-8F9A-C3F1C0BF67C2}.Debug|Any CPU.ActiveCfg = Debug|Any CPU
		{1C048EFE-477B-4D60-8F9A-C3F1C0BF67C2}.Debug|Any CPU.Build.0 = Debug|Any CPU
		{1C048EFE-477B-4D60-8F9A-C3F1C0BF67C2}.Release|Any CPU.ActiveCfg = Release|Any CPU
		{1C048EFE-477B-4D60-8F9A-C3F1C0BF67C2}.Release|Any CPU.Build.0 = Release|Any CPU
		{C1676833-6FD4-4516-891B-FC1431AA54A9}.Debug|Any CPU.ActiveCfg = Debug|Any CPU
		{C1676833-6FD4-4516-891B-FC1431AA54A9}.Debug|Any CPU.Build.0 = Debug|Any CPU
		{C1676833-6FD4-4516-891B-FC1431AA54A9}.Release|Any CPU.ActiveCfg = Release|Any CPU
		{C1676833-6FD4-4516-891B-FC1431AA54A9}.Release|Any CPU.Build.0 = Release|Any CPU
	EndGlobalSection
	GlobalSection(SolutionProperties) = preSolution
		HideSolutionNode = FALSE
	EndGlobalSection
	GlobalSection(ExtensibilityGlobals) = postSolution
		SolutionGuid = {C7D42C29-FB62-4BBF-9642-7C8872CB00F4}
	EndGlobalSection
EndGlobal
